
Microsoft Visual Studio Solution File, Format Version 12.00
# Visual Studio 15
VisualStudioVersion = 15.0.27130.2027
MinimumVisualStudioVersion = 10.0.40219.1
Project("{FAE04EC0-301F-11D3-BF4B-00C04F79EFBC}") = "labsLibs", "register\labsLibs.csproj", "{350FB332-24DB-4D56-8B47-706E89EA2D6F}"
EndProject
Global
	GlobalSection(SolutionConfigurationPlatforms) = preSolution
		Debug|Any CPU = Debug|Any CPU
		Release|Any CPU = Release|Any CPU
	EndGlobalSection
	GlobalSection(ProjectConfigurationPlatforms) = postSolution
		{350FB332-24DB-4D56-8B47-706E89EA2D6F}.Debug|Any CPU.ActiveCfg = Debug|Any CPU
		{350FB332-24DB-4D56-8B47-706E89EA2D6F}.Debug|Any CPU.Build.0 = Debug|Any CPU
		{350FB332-24DB-4D56-8B47-706E89EA2D6F}.Release|Any CPU.ActiveCfg = Release|Any CPU
		{350FB332-24DB-4D56-8B47-706E89EA2D6F}.Release|Any CPU.Build.0 = Release|Any CPU
	EndGlobalSection
	GlobalSection(SolutionProperties) = preSolution
		HideSolutionNode = FALSE
	EndGlobalSection
	GlobalSection(ExtensibilityGlobals) = postSolution
		SolutionGuid = {3787EBB6-6984-4D69-95BE-77C62C61A573}
	EndGlobalSection
EndGlobal
