
Microsoft Visual Studio Solution File, Format Version 12.00
# Visual Studio 15
VisualStudioVersion = 15.0.27130.2027
MinimumVisualStudioVersion = 10.0.40219.1
Project("{FAE04EC0-301F-11D3-BF4B-00C04F79EFBC}") = "labsHADS", "labsHADS\labsHADS.csproj", "{AF655A8A-ECFF-4C2A-B76E-B3914C8E0BA6}"
EndProject
Global
	GlobalSection(SolutionConfigurationPlatforms) = preSolution
		Debug|Any CPU = Debug|Any CPU
		Release|Any CPU = Release|Any CPU
	EndGlobalSection
	GlobalSection(ProjectConfigurationPlatforms) = postSolution
		{AF655A8A-ECFF-4C2A-B76E-B3914C8E0BA6}.Debug|Any CPU.ActiveCfg = Debug|Any CPU
		{AF655A8A-ECFF-4C2A-B76E-B3914C8E0BA6}.Debug|Any CPU.Build.0 = Debug|Any CPU
		{AF655A8A-ECFF-4C2A-B76E-B3914C8E0BA6}.Release|Any CPU.ActiveCfg = Release|Any CPU
		{AF655A8A-ECFF-4C2A-B76E-B3914C8E0BA6}.Release|Any CPU.Build.0 = Release|Any CPU
	EndGlobalSection
	GlobalSection(SolutionProperties) = preSolution
		HideSolutionNode = FALSE
	EndGlobalSection
	GlobalSection(ExtensibilityGlobals) = postSolution
		SolutionGuid = {12C83BD3-00E6-418C-BC68-70A38325A1E4}
	EndGlobalSection
EndGlobal
